
Microsoft Visual Studio Solution File, Format Version 12.00
# Visual Studio 15
VisualStudioVersion = 15.0.28307.271
MinimumVisualStudioVersion = 10.0.40219.1
Project("{FAE04EC0-301F-11D3-BF4B-00C04F79EFBC}") = "smartBot", "smartBot\smartBot.csproj", "{8073C47D-6FB1-48DE-9CC6-1C84D3BE3F6A}"
EndProject
Global
	GlobalSection(SolutionConfigurationPlatforms) = preSolution
		Debug|Any CPU = Debug|Any CPU
		Release|Any CPU = Release|Any CPU
	EndGlobalSection
	GlobalSection(ProjectConfigurationPlatforms) = postSolution
		{8073C47D-6FB1-48DE-9CC6-1C84D3BE3F6A}.Debug|Any CPU.ActiveCfg = Debug|Any CPU
		{8073C47D-6FB1-48DE-9CC6-1C84D3BE3F6A}.Debug|Any CPU.Build.0 = Debug|Any CPU
		{8073C47D-6FB1-48DE-9CC6-1C84D3BE3F6A}.Release|Any CPU.ActiveCfg = Release|Any CPU
		{8073C47D-6FB1-48DE-9CC6-1C84D3BE3F6A}.Release|Any CPU.Build.0 = Release|Any CPU
	EndGlobalSection
	GlobalSection(SolutionProperties) = preSolution
		HideSolutionNode = FALSE
	EndGlobalSection
	GlobalSection(ExtensibilityGlobals) = postSolution
		SolutionGuid = {EB9F9906-45CA-4AC2-A49A-E55AF6508CA4}
	EndGlobalSection
EndGlobal
